
Microsoft Visual Studio Solution File, Format Version 12.00
# Visual Studio Version 17
VisualStudioVersion = 17.13.35825.156 d17.13
MinimumVisualStudioVersion = 10.0.40219.1
Project("{FAE04EC0-301F-11D3-BF4B-00C04F79EFBC}") = "YP_desktop", "YP_desktop\YP_desktop.csproj", "{396E4510-20FB-4287-8EBA-D57B6A6BA514}"
EndProject
Global
	GlobalSection(SolutionConfigurationPlatforms) = preSolution
		Debug|Any CPU = Debug|Any CPU
		Release|Any CPU = Release|Any CPU
	EndGlobalSection
	GlobalSection(ProjectConfigurationPlatforms) = postSolution
		{396E4510-20FB-4287-8EBA-D57B6A6BA514}.Debug|Any CPU.ActiveCfg = Debug|Any CPU
		{396E4510-20FB-4287-8EBA-D57B6A6BA514}.Debug|Any CPU.Build.0 = Debug|Any CPU
		{396E4510-20FB-4287-8EBA-D57B6A6BA514}.Release|Any CPU.ActiveCfg = Release|Any CPU
		{396E4510-20FB-4287-8EBA-D57B6A6BA514}.Release|Any CPU.Build.0 = Release|Any CPU
	EndGlobalSection
	GlobalSection(SolutionProperties) = preSolution
		HideSolutionNode = FALSE
	EndGlobalSection
	GlobalSection(ExtensibilityGlobals) = postSolution
		SolutionGuid = {410E4EAD-1ABD-4B66-AD01-3FACEC6DA21F}
	EndGlobalSection
EndGlobal
